<?xml version="1.0" encoding="utf-8"?>
<Project ToolsVersion="4.0" xmlns="http://schemas.microsoft.com/developer/msbuild/2003">
  <ItemGroup>
    <Filter Include="Исходные файлы">
      <UniqueIdentifier>{4FC737F1-C7A5-4376-A066-2A32D752A2FF}</UniqueIdentifier>
      <Extensions>cpp;c;cc;cxx;c++;cppm;ixx;def;odl;idl;hpj;bat;asm;asmx</Extensions>
    </Filter>
    <Filter Include="Файлы заголовков">
      <UniqueIdentifier>{93995380-89BD-4b04-88EB-625FBE52EBFB}</UniqueIdentifier>
      <Extensions>h;hh;hpp;hxx;h++;hm;inl;inc;ipp;xsd</Extensions>
    </Filter>
    <Filter Include="Файлы ресурсов">
      <UniqueIdentifier>{67DA6AB6-F800-4c08-8B7A-83BB121AAD01}</UniqueIdentifier>
      <Extensions>rc;ico;cur;bmp;dlg;rc2;rct;bin;rgs;gif;jpg;jpeg;jpe;resx;tiff;tif;png;wav;mfcribbon-ms</Extensions>
    </Filter>
    <Filter Include="Файлы заголовков\MeshBuilder">
      <UniqueIdentifier>{e232878c-aeeb-4215-9d23-bf1d4c479c72}</UniqueIdentifier>
    </Filter>
    <Filter Include="Исходные файлы\MeshBuilder">
      <UniqueIdentifier>{ccb1d7ff-9755-46ab-9917-d08e4de60e32}</UniqueIdentifier>
    </Filter>
  </ItemGroup>
  <ItemGroup>
    <ClInclude Include="Interval.h">
      <Filter>Файлы заголовков\MeshBuilder</Filter>
    </ClInclude>
    <ClInclude Include="GeometryElement.h">
      <Filter>Файлы заголовков\MeshBuilder</Filter>
    </ClInclude>
    <ClInclude Include="SplitInfo.h">
      <Filter>Файлы заголовков\MeshBuilder</Filter>
    </ClInclude>
    <ClInclude Include="SplittingIntervalInfo.h">
      <Filter>Файлы заголовков\MeshBuilder</Filter>
    </ClInclude>
    <ClInclude Include="SplittedInterval.h">
      <Filter>Файлы заголовков\MeshBuilder</Filter>
    </ClInclude>
    <ClInclude Include="AreaInfo.h">
      <Filter>Файлы заголовков\MeshBuilder</Filter>
    </ClInclude>
    <ClInclude Include="Area.h">
      <Filter>Файлы заголовков\MeshBuilder</Filter>
    </ClInclude>
    <ClInclude Include="MeshInfo.h">
      <Filter>Файлы заголовков\MeshBuilder</Filter>
    </ClInclude>
    <ClInclude Include="Mesh.h">
      <Filter>Файлы заголовков\MeshBuilder</Filter>
    </ClInclude>
  </ItemGroup>
  <ItemGroup>
    <ClCompile Include="Interval.cpp">
      <Filter>Исходные файлы\MeshBuilder</Filter>
    </ClCompile>
    <ClCompile Include="SplitInfo.cpp">
      <Filter>Исходные файлы\MeshBuilder</Filter>
    </ClCompile>
    <ClCompile Include="SplittingIntervalInfo.cpp">
      <Filter>Исходные файлы\MeshBuilder</Filter>
    </ClCompile>
    <ClCompile Include="SplittedInterval.cpp">
      <Filter>Исходные файлы\MeshBuilder</Filter>
    </ClCompile>
  </ItemGroup>
</Project>